{
  "name": "@rsmdc/drawer",
  "version": "0.39.0-0",
  "lockfileVersion": 1,
  "requires": true,
  "dependencies": {
    "@rsmdc/animation": {
      "version": "0.34.0"
    },
    "@rsmdc/base": {
      "version": "0.35.0"
    },
    "@rsmdc/elevation": {
      "version": "0.38.0",
      "requires": {
        "@rsmdc/animation": "^0.34.0",
        "@rsmdc/theme": "^0.38.0"
      },
      "dependencies": {
        "@rsmdc/animation": {
          "version": "0.34.0",
          "bundled": true
        },
        "@rsmdc/theme": {
          "version": "0.38.0",
          "bundled": true
        }
      }
    },
    "@rsmdc/list": {
      "version": "0.39.0-0",
      "requires": {
        "@rsmdc/base": "^0.35.0",
        "@rsmdc/ripple": "^0.38.1",
        "@rsmdc/rtl": "^0.36.0",
        "@rsmdc/theme": "^0.38.0",
        "@rsmdc/typography": "^0.39.0-0"
      },
      "dependencies": {
        "@rsmdc/base": {
          "version": "0.35.0",
          "bundled": true
        },
        "@rsmdc/ripple": {
          "version": "0.38.1",
          "bundled": true,
          "requires": {
            "@rsmdc/animation": "^0.34.0",
            "@rsmdc/base": "^0.35.0",
            "@rsmdc/theme": "^0.38.0"
          },
          "dependencies": {
            "@rsmdc/animation": {
              "version": "0.34.0",
              "bundled": true
            },
            "@rsmdc/base": {
              "version": "0.35.0",
              "bundled": true
            },
            "@rsmdc/theme": {
              "version": "0.38.0",
              "bundled": true
            }
          }
        },
        "@rsmdc/rtl": {
          "version": "0.36.0",
          "bundled": true
        },
        "@rsmdc/theme": {
          "version": "0.38.0",
          "bundled": true
        },
        "@rsmdc/typography": {
          "version": "0.39.0-0",
          "bundled": true
        }
      }
    },
    "@rsmdc/rtl": {
      "version": "0.36.0"
    },
    "@rsmdc/theme": {
      "version": "0.38.0"
    },
    "@rsmdc/typography": {
      "version": "0.39.0-0"
    },
    "focus-trap": {
      "version": "3.0.0",
      "resolved": "https://registry.npmjs.org/focus-trap/-/focus-trap-3.0.0.tgz",
      "integrity": "sha512-jTFblf0tLWbleGjj2JZsAKbgtZTdL1uC48L8FcmSDl4c2vDoU4NycN1kgV5vJhuq1mxNFkw7uWZ1JAGlINWvyw==",
      "requires": {
        "tabbable": "^3.1.0",
        "xtend": "^4.0.1"
      }
    },
    "tabbable": {
      "version": "3.1.0",
      "resolved": "https://registry.npmjs.org/tabbable/-/tabbable-3.1.0.tgz",
      "integrity": "sha512-W+w8dbSbQiuhMQhJbgtSn7ksg1Z+Z0UQq0WpDuYUrXjqie2bkMTfXRhdKtyQ8lRbppDWFoQf+S3T+OBGxoEPUA=="
    },
    "xtend": {
      "version": "4.0.1",
      "resolved": "https://registry.npmjs.org/xtend/-/xtend-4.0.1.tgz",
      "integrity": "sha1-pcbVMr5lbiPbgg77lDofBJmNY68="
    }
  }
}
